
Microsoft Visual Studio Solution File, Format Version 12.00
# Visual Studio 15
VisualStudioVersion = 15.0.28307.852
MinimumVisualStudioVersion = 10.0.40219.1
Project("{888888A0-9F3D-457C-B088-3A5042F75D52}") = "SwissRoll", "SwissRoll\SwissRoll.pyproj", "{25521968-DF3D-4953-8A12-32255685A072}"
EndProject
Global
	GlobalSection(SolutionConfigurationPlatforms) = preSolution
		Debug|Any CPU = Debug|Any CPU
		Release|Any CPU = Release|Any CPU
	EndGlobalSection
	GlobalSection(ProjectConfigurationPlatforms) = postSolution
		{25521968-DF3D-4953-8A12-32255685A072}.Debug|Any CPU.ActiveCfg = Debug|Any CPU
		{25521968-DF3D-4953-8A12-32255685A072}.Release|Any CPU.ActiveCfg = Release|Any CPU
	EndGlobalSection
	GlobalSection(SolutionProperties) = preSolution
		HideSolutionNode = FALSE
	EndGlobalSection
	GlobalSection(ExtensibilityGlobals) = postSolution
		SolutionGuid = {80DF6AD3-3589-413E-9D72-5A3C9AE25DC9}
	EndGlobalSection
EndGlobal
