
Microsoft Visual Studio Solution File, Format Version 12.00
# Visual Studio 15
VisualStudioVersion = 15.0.28307.852
MinimumVisualStudioVersion = 10.0.40219.1
Project("{888888A0-9F3D-457C-B088-3A5042F75D52}") = "2D4WellPotential", "2D4WellPotential\2D4WellPotential.pyproj", "{D20FD798-3F47-4083-8FA7-54E2EC1E0478}"
EndProject
Global
	GlobalSection(SolutionConfigurationPlatforms) = preSolution
		Debug|Any CPU = Debug|Any CPU
		Release|Any CPU = Release|Any CPU
	EndGlobalSection
	GlobalSection(ProjectConfigurationPlatforms) = postSolution
		{D20FD798-3F47-4083-8FA7-54E2EC1E0478}.Debug|Any CPU.ActiveCfg = Debug|Any CPU
		{D20FD798-3F47-4083-8FA7-54E2EC1E0478}.Release|Any CPU.ActiveCfg = Release|Any CPU
	EndGlobalSection
	GlobalSection(SolutionProperties) = preSolution
		HideSolutionNode = FALSE
	EndGlobalSection
	GlobalSection(ExtensibilityGlobals) = postSolution
		SolutionGuid = {6F89A309-855E-4F2A-B7B3-E56ADD4858C6}
	EndGlobalSection
EndGlobal
